
Microsoft Visual Studio Solution File, Format Version 12.00
# Visual Studio Version 17
VisualStudioVersion = 17.4.33103.184
MinimumVisualStudioVersion = 10.0.40219.1
Project("{FAE04EC0-301F-11D3-BF4B-00C04F79EFBC}") = "WSAuto", "WSAuto\WSAuto.csproj", "{7209AC21-32E1-4D92-A3D2-07252786ADF3}"
EndProject
Global
	GlobalSection(SolutionConfigurationPlatforms) = preSolution
		Debug|Any CPU = Debug|Any CPU
		Release|Any CPU = Release|Any CPU
	EndGlobalSection
	GlobalSection(ProjectConfigurationPlatforms) = postSolution
		{7209AC21-32E1-4D92-A3D2-07252786ADF3}.Debug|Any CPU.ActiveCfg = Debug|Any CPU
		{7209AC21-32E1-4D92-A3D2-07252786ADF3}.Debug|Any CPU.Build.0 = Debug|Any CPU
		{7209AC21-32E1-4D92-A3D2-07252786ADF3}.Release|Any CPU.ActiveCfg = Release|Any CPU
		{7209AC21-32E1-4D92-A3D2-07252786ADF3}.Release|Any CPU.Build.0 = Release|Any CPU
	EndGlobalSection
	GlobalSection(SolutionProperties) = preSolution
		HideSolutionNode = FALSE
	EndGlobalSection
	GlobalSection(ExtensibilityGlobals) = postSolution
		SolutionGuid = {DA4126FB-7C36-482D-B726-1466C4F6D032}
	EndGlobalSection
EndGlobal
